
Microsoft Visual Studio Solution File, Format Version 12.00
# Visual Studio Version 17
VisualStudioVersion = 17.4.33213.308
MinimumVisualStudioVersion = 10.0.40219.1
Project("{FAE04EC0-301F-11D3-BF4B-00C04F79EFBC}") = "Learn", "Learn\Learn.csproj", "{731DB99E-CA85-432C-B708-87B66A5BF21D}"
EndProject
Project("{FAE04EC0-301F-11D3-BF4B-00C04F79EFBC}") = "animals", "ConsoleApp1\animals.csproj", "{71416415-D242-4AD3-9EFB-F8C69C3E5434}"
EndProject
Project("{FAE04EC0-301F-11D3-BF4B-00C04F79EFBC}") = "prepost", "ConsoleApp2\prepost.csproj", "{12A4F435-5FB9-4DAE-84A6-D0F75CF4B3FC}"
EndProject
Project("{FAE04EC0-301F-11D3-BF4B-00C04F79EFBC}") = "Runparam", "Ranparan\Runparam.csproj", "{060B7430-5612-45FC-9022-E5606CE9867A}"
EndProject
Project("{FAE04EC0-301F-11D3-BF4B-00C04F79EFBC}") = "feladatok 58.oldal", "feladatok 58.oldal\feladatok 58.oldal.csproj", "{D665B957-216A-47E0-9B76-A546BF68472C}"
EndProject
Project("{FAE04EC0-301F-11D3-BF4B-00C04F79EFBC}") = "TestApp", "TestApp\TestApp.csproj", "{15E02F64-CDA0-46AB-B99A-2978E90A894A}"
EndProject
Project("{FAE04EC0-301F-11D3-BF4B-00C04F79EFBC}") = "TestApp2", "TestApp2\TestApp2.csproj", "{9959905F-C345-4810-8BC6-DAFAEAAA7596}"
EndProject
Project("{FAE04EC0-301F-11D3-BF4B-00C04F79EFBC}") = "TestApp3", "TestApp3\TestApp3.csproj", "{C5F88C20-5FBE-4DFC-8815-3C2439C88141}"
EndProject
Project("{FAE04EC0-301F-11D3-BF4B-00C04F79EFBC}") = "TestApp4", "TestApp4\TestApp4.csproj", "{A975E3F3-7ECC-4FAD-8DFC-6E97BC0E1F06}"
EndProject
Project("{FAE04EC0-301F-11D3-BF4B-00C04F79EFBC}") = "TestApp5", "TestApp5\TestApp5.csproj", "{3F9F8C3C-D57A-4BD6-B25C-4F6AE9BAD3EB}"
EndProject
Project("{FAE04EC0-301F-11D3-BF4B-00C04F79EFBC}") = "TestApp6", "TestApp6\TestApp6.csproj", "{11A0D298-C057-4B80-9337-172A911BBF82}"
EndProject
Project("{FAE04EC0-301F-11D3-BF4B-00C04F79EFBC}") = "negyzet", "negyzet\negyzet.csproj", "{49FEB0DD-A767-47B5-B36E-335C43EB1F3F}"
EndProject
Project("{FAE04EC0-301F-11D3-BF4B-00C04F79EFBC}") = "korosztaly", "korosztaly\korosztaly.csproj", "{398C403E-28DF-4DAF-8A96-336AC8B3938B}"
EndProject
Project("{FAE04EC0-301F-11D3-BF4B-00C04F79EFBC}") = "hasab", "hasab\hasab.csproj", "{0DF5F1BD-74F5-4A4C-893F-299527A037B9}"
EndProject
Project("{FAE04EC0-301F-11D3-BF4B-00C04F79EFBC}") = "szigetek", "szigetek\szigetek.csproj", "{A1F5959F-3BBC-44FF-8466-907B0CAF6058}"
EndProject
Project("{FAE04EC0-301F-11D3-BF4B-00C04F79EFBC}") = "atlaghomerseklet", "atlaghomerseklet\atlaghomerseklet.csproj", "{C9454855-0156-480B-A776-B0893FD5F8DB}"
EndProject
Project("{FAE04EC0-301F-11D3-BF4B-00C04F79EFBC}") = "HofokOOP", "HofokOOP\HofokOOP.csproj", "{002BE64B-B410-41D8-B2C9-8ED8BDF2314F}"
EndProject
Project("{FAE04EC0-301F-11D3-BF4B-00C04F79EFBC}") = "BMI", "BMI\BMI.csproj", "{09248EA4-54AB-4D77-B1C6-85DA6D1AC014}"
EndProject
Project("{FAE04EC0-301F-11D3-BF4B-00C04F79EFBC}") = "PonHatOOP", "PonHatOOP\PonHatOOP.csproj", "{8A6A30CC-5587-4757-9A18-4A036908BDCC}"
EndProject
Project("{FAE04EC0-301F-11D3-BF4B-00C04F79EFBC}") = "CimletezesOOP", "CimletezesOOP\CimletezesOOP.csproj", "{F67BABF1-AE2C-4D0F-A36D-A97614A244B4}"
EndProject
Project("{FAE04EC0-301F-11D3-BF4B-00C04F79EFBC}") = "csomagoloOOP", "csomagoloOOP\csomagoloOOP.csproj", "{46E1445B-27C8-46F6-81CC-6F7E13D3763D}"
EndProject
Project("{FAE04EC0-301F-11D3-BF4B-00C04F79EFBC}") = "Minden alapja oop", "Minden alapja oop\Minden alapja oop.csproj", "{71896297-1779-48A5-9187-7ABCD47E89D0}"
EndProject
Project("{FAE04EC0-301F-11D3-BF4B-00C04F79EFBC}") = "OOPcsempezes", "OOPcsempezes\OOPcsempezes.csproj", "{4E220037-CF19-4C4E-B6A4-C1A36419EDD2}"
EndProject
Project("{FAE04EC0-301F-11D3-BF4B-00C04F79EFBC}") = "masodfokudolog", "masodfokudolog\masodfokudolog.csproj", "{B12A64D6-7E5A-45DD-B9E1-829BE29835EA}"
EndProject
Project("{FAE04EC0-301F-11D3-BF4B-00C04F79EFBC}") = "OOPhalmazalapot", "OOPhalmazalapot\OOPhalmazalapot.csproj", "{39DDE302-78A4-45F9-8F77-AB179FDB914C}"
EndProject
Project("{FAE04EC0-301F-11D3-BF4B-00C04F79EFBC}") = "OOPponthatar", "OOPponthatar\OOPponthatar.csproj", "{0AB66D73-B470-4C45-BB35-1957789BE3A8}"
EndProject
Project("{FAE04EC0-301F-11D3-BF4B-00C04F79EFBC}") = "OOPmasadperec", "OOPmasadperec\OOPmasadperec.csproj", "{954E4CD6-380B-4AA6-B9B9-C2C28B55ACC2}"
EndProject
Project("{FAE04EC0-301F-11D3-BF4B-00C04F79EFBC}") = "OOPBMI", "OOPBMI\OOPBMI.csproj", "{DC930AC8-5957-4292-8E9D-9743C68656FF}"
EndProject
Project("{FAE04EC0-301F-11D3-BF4B-00C04F79EFBC}") = "OOPszogek", "OOPszogek\OOPszogek.csproj", "{B4701321-0191-489A-9E5D-8837A220148E}"
EndProject
Project("{FAE04EC0-301F-11D3-BF4B-00C04F79EFBC}") = "OOPPonttav", "OOPPonttav\OOPPonttav.csproj", "{F6824736-1BEA-4200-8FB4-AC6071FF2866}"
EndProject
Project("{FAE04EC0-301F-11D3-BF4B-00C04F79EFBC}") = "OOPCukor", "OOPCukor\OOPCukor.csproj", "{87AFE642-7CFB-4361-A73B-7A9850B70F7F}"
EndProject
Project("{FAE04EC0-301F-11D3-BF4B-00C04F79EFBC}") = "TobbElem", "TobbElem\TobbElem.csproj", "{BD841A8B-2405-4540-BE9D-BAA6FF50771D}"
EndProject
Project("{FAE04EC0-301F-11D3-BF4B-00C04F79EFBC}") = "Matrix", "Matrix\Matrix.csproj", "{F3EC98FA-FC69-42D6-9236-27A127F95E99}"
EndProject
Project("{2150E333-8FDC-42A3-9474-1A3956D46DE8}") = "2023 04-", "2023 04-", "{CF7E5DDE-8C3C-4774-B4CA-D104C429F411}"
EndProject
Project("{FAE04EC0-301F-11D3-BF4B-00C04F79EFBC}") = "kivetel", "kivetel\kivetel.csproj", "{DFE9AD3A-C600-4FC8-B5C9-AE154C185D4E}"
EndProject
Project("{FAE04EC0-301F-11D3-BF4B-00C04F79EFBC}") = "olvashiba", "olvashiba\olvashiba.csproj", "{40D5017E-0913-4D06-82BB-16C1EA084378}"
EndProject
Project("{2150E333-8FDC-42A3-9474-1A3956D46DE8}") = "04-17", "04-17", "{E761AD05-0BF8-49E6-9921-E2835AEB547A}"
EndProject
Project("{FAE04EC0-301F-11D3-BF4B-00C04F79EFBC}") = "fajlkezeles", "fajlkezeles\fajlkezeles.csproj", "{9A9B8ACD-D04C-4523-91C9-67CE08ADA6A8}"
EndProject
Global
	GlobalSection(SolutionConfigurationPlatforms) = preSolution
		Debug|Any CPU = Debug|Any CPU
		Release|Any CPU = Release|Any CPU
	EndGlobalSection
	GlobalSection(ProjectConfigurationPlatforms) = postSolution
		{731DB99E-CA85-432C-B708-87B66A5BF21D}.Debug|Any CPU.ActiveCfg = Debug|Any CPU
		{731DB99E-CA85-432C-B708-87B66A5BF21D}.Debug|Any CPU.Build.0 = Debug|Any CPU
		{731DB99E-CA85-432C-B708-87B66A5BF21D}.Release|Any CPU.ActiveCfg = Release|Any CPU
		{731DB99E-CA85-432C-B708-87B66A5BF21D}.Release|Any CPU.Build.0 = Release|Any CPU
		{71416415-D242-4AD3-9EFB-F8C69C3E5434}.Debug|Any CPU.ActiveCfg = Debug|Any CPU
		{71416415-D242-4AD3-9EFB-F8C69C3E5434}.Debug|Any CPU.Build.0 = Debug|Any CPU
		{71416415-D242-4AD3-9EFB-F8C69C3E5434}.Release|Any CPU.ActiveCfg = Release|Any CPU
		{71416415-D242-4AD3-9EFB-F8C69C3E5434}.Release|Any CPU.Build.0 = Release|Any CPU
		{12A4F435-5FB9-4DAE-84A6-D0F75CF4B3FC}.Debug|Any CPU.ActiveCfg = Debug|Any CPU
		{12A4F435-5FB9-4DAE-84A6-D0F75CF4B3FC}.Debug|Any CPU.Build.0 = Debug|Any CPU
		{12A4F435-5FB9-4DAE-84A6-D0F75CF4B3FC}.Release|Any CPU.ActiveCfg = Release|Any CPU
		{12A4F435-5FB9-4DAE-84A6-D0F75CF4B3FC}.Release|Any CPU.Build.0 = Release|Any CPU
		{060B7430-5612-45FC-9022-E5606CE9867A}.Debug|Any CPU.ActiveCfg = Debug|Any CPU
		{060B7430-5612-45FC-9022-E5606CE9867A}.Debug|Any CPU.Build.0 = Debug|Any CPU
		{060B7430-5612-45FC-9022-E5606CE9867A}.Release|Any CPU.ActiveCfg = Release|Any CPU
		{060B7430-5612-45FC-9022-E5606CE9867A}.Release|Any CPU.Build.0 = Release|Any CPU
		{D665B957-216A-47E0-9B76-A546BF68472C}.Debug|Any CPU.ActiveCfg = Debug|Any CPU
		{D665B957-216A-47E0-9B76-A546BF68472C}.Debug|Any CPU.Build.0 = Debug|Any CPU
		{D665B957-216A-47E0-9B76-A546BF68472C}.Release|Any CPU.ActiveCfg = Release|Any CPU
		{D665B957-216A-47E0-9B76-A546BF68472C}.Release|Any CPU.Build.0 = Release|Any CPU
		{15E02F64-CDA0-46AB-B99A-2978E90A894A}.Debug|Any CPU.ActiveCfg = Debug|Any CPU
		{15E02F64-CDA0-46AB-B99A-2978E90A894A}.Debug|Any CPU.Build.0 = Debug|Any CPU
		{15E02F64-CDA0-46AB-B99A-2978E90A894A}.Release|Any CPU.ActiveCfg = Release|Any CPU
		{15E02F64-CDA0-46AB-B99A-2978E90A894A}.Release|Any CPU.Build.0 = Release|Any CPU
		{9959905F-C345-4810-8BC6-DAFAEAAA7596}.Debug|Any CPU.ActiveCfg = Debug|Any CPU
		{9959905F-C345-4810-8BC6-DAFAEAAA7596}.Debug|Any CPU.Build.0 = Debug|Any CPU
		{9959905F-C345-4810-8BC6-DAFAEAAA7596}.Release|Any CPU.ActiveCfg = Release|Any CPU
		{9959905F-C345-4810-8BC6-DAFAEAAA7596}.Release|Any CPU.Build.0 = Release|Any CPU
		{C5F88C20-5FBE-4DFC-8815-3C2439C88141}.Debug|Any CPU.ActiveCfg = Debug|Any CPU
		{C5F88C20-5FBE-4DFC-8815-3C2439C88141}.Debug|Any CPU.Build.0 = Debug|Any CPU
		{C5F88C20-5FBE-4DFC-8815-3C2439C88141}.Release|Any CPU.ActiveCfg = Release|Any CPU
		{C5F88C20-5FBE-4DFC-8815-3C2439C88141}.Release|Any CPU.Build.0 = Release|Any CPU
		{A975E3F3-7ECC-4FAD-8DFC-6E97BC0E1F06}.Debug|Any CPU.ActiveCfg = Debug|Any CPU
		{A975E3F3-7ECC-4FAD-8DFC-6E97BC0E1F06}.Debug|Any CPU.Build.0 = Debug|Any CPU
		{A975E3F3-7ECC-4FAD-8DFC-6E97BC0E1F06}.Release|Any CPU.ActiveCfg = Release|Any CPU
		{A975E3F3-7ECC-4FAD-8DFC-6E97BC0E1F06}.Release|Any CPU.Build.0 = Release|Any CPU
		{3F9F8C3C-D57A-4BD6-B25C-4F6AE9BAD3EB}.Debug|Any CPU.ActiveCfg = Debug|Any CPU
		{3F9F8C3C-D57A-4BD6-B25C-4F6AE9BAD3EB}.Debug|Any CPU.Build.0 = Debug|Any CPU
		{3F9F8C3C-D57A-4BD6-B25C-4F6AE9BAD3EB}.Release|Any CPU.ActiveCfg = Release|Any CPU
		{3F9F8C3C-D57A-4BD6-B25C-4F6AE9BAD3EB}.Release|Any CPU.Build.0 = Release|Any CPU
		{11A0D298-C057-4B80-9337-172A911BBF82}.Debug|Any CPU.ActiveCfg = Debug|Any CPU
		{11A0D298-C057-4B80-9337-172A911BBF82}.Debug|Any CPU.Build.0 = Debug|Any CPU
		{11A0D298-C057-4B80-9337-172A911BBF82}.Release|Any CPU.ActiveCfg = Release|Any CPU
		{11A0D298-C057-4B80-9337-172A911BBF82}.Release|Any CPU.Build.0 = Release|Any CPU
		{49FEB0DD-A767-47B5-B36E-335C43EB1F3F}.Debug|Any CPU.ActiveCfg = Debug|Any CPU
		{49FEB0DD-A767-47B5-B36E-335C43EB1F3F}.Debug|Any CPU.Build.0 = Debug|Any CPU
		{49FEB0DD-A767-47B5-B36E-335C43EB1F3F}.Release|Any CPU.ActiveCfg = Release|Any CPU
		{49FEB0DD-A767-47B5-B36E-335C43EB1F3F}.Release|Any CPU.Build.0 = Release|Any CPU
		{398C403E-28DF-4DAF-8A96-336AC8B3938B}.Debug|Any CPU.ActiveCfg = Debug|Any CPU
		{398C403E-28DF-4DAF-8A96-336AC8B3938B}.Debug|Any CPU.Build.0 = Debug|Any CPU
		{398C403E-28DF-4DAF-8A96-336AC8B3938B}.Release|Any CPU.ActiveCfg = Release|Any CPU
		{398C403E-28DF-4DAF-8A96-336AC8B3938B}.Release|Any CPU.Build.0 = Release|Any CPU
		{0DF5F1BD-74F5-4A4C-893F-299527A037B9}.Debug|Any CPU.ActiveCfg = Debug|Any CPU
		{0DF5F1BD-74F5-4A4C-893F-299527A037B9}.Debug|Any CPU.Build.0 = Debug|Any CPU
		{0DF5F1BD-74F5-4A4C-893F-299527A037B9}.Release|Any CPU.ActiveCfg = Release|Any CPU
		{0DF5F1BD-74F5-4A4C-893F-299527A037B9}.Release|Any CPU.Build.0 = Release|Any CPU
		{A1F5959F-3BBC-44FF-8466-907B0CAF6058}.Debug|Any CPU.ActiveCfg = Debug|Any CPU
		{A1F5959F-3BBC-44FF-8466-907B0CAF6058}.Debug|Any CPU.Build.0 = Debug|Any CPU
		{A1F5959F-3BBC-44FF-8466-907B0CAF6058}.Release|Any CPU.ActiveCfg = Release|Any CPU
		{A1F5959F-3BBC-44FF-8466-907B0CAF6058}.Release|Any CPU.Build.0 = Release|Any CPU
		{C9454855-0156-480B-A776-B0893FD5F8DB}.Debug|Any CPU.ActiveCfg = Debug|Any CPU
		{C9454855-0156-480B-A776-B0893FD5F8DB}.Debug|Any CPU.Build.0 = Debug|Any CPU
		{C9454855-0156-480B-A776-B0893FD5F8DB}.Release|Any CPU.ActiveCfg = Release|Any CPU
		{C9454855-0156-480B-A776-B0893FD5F8DB}.Release|Any CPU.Build.0 = Release|Any CPU
		{002BE64B-B410-41D8-B2C9-8ED8BDF2314F}.Debug|Any CPU.ActiveCfg = Debug|Any CPU
		{002BE64B-B410-41D8-B2C9-8ED8BDF2314F}.Debug|Any CPU.Build.0 = Debug|Any CPU
		{002BE64B-B410-41D8-B2C9-8ED8BDF2314F}.Release|Any CPU.ActiveCfg = Release|Any CPU
		{002BE64B-B410-41D8-B2C9-8ED8BDF2314F}.Release|Any CPU.Build.0 = Release|Any CPU
		{09248EA4-54AB-4D77-B1C6-85DA6D1AC014}.Debug|Any CPU.ActiveCfg = Debug|Any CPU
		{09248EA4-54AB-4D77-B1C6-85DA6D1AC014}.Debug|Any CPU.Build.0 = Debug|Any CPU
		{09248EA4-54AB-4D77-B1C6-85DA6D1AC014}.Release|Any CPU.ActiveCfg = Release|Any CPU
		{09248EA4-54AB-4D77-B1C6-85DA6D1AC014}.Release|Any CPU.Build.0 = Release|Any CPU
		{8A6A30CC-5587-4757-9A18-4A036908BDCC}.Debug|Any CPU.ActiveCfg = Debug|Any CPU
		{8A6A30CC-5587-4757-9A18-4A036908BDCC}.Debug|Any CPU.Build.0 = Debug|Any CPU
		{8A6A30CC-5587-4757-9A18-4A036908BDCC}.Release|Any CPU.ActiveCfg = Release|Any CPU
		{8A6A30CC-5587-4757-9A18-4A036908BDCC}.Release|Any CPU.Build.0 = Release|Any CPU
		{F67BABF1-AE2C-4D0F-A36D-A97614A244B4}.Debug|Any CPU.ActiveCfg = Debug|Any CPU
		{F67BABF1-AE2C-4D0F-A36D-A97614A244B4}.Debug|Any CPU.Build.0 = Debug|Any CPU
		{F67BABF1-AE2C-4D0F-A36D-A97614A244B4}.Release|Any CPU.ActiveCfg = Release|Any CPU
		{F67BABF1-AE2C-4D0F-A36D-A97614A244B4}.Release|Any CPU.Build.0 = Release|Any CPU
		{46E1445B-27C8-46F6-81CC-6F7E13D3763D}.Debug|Any CPU.ActiveCfg = Debug|Any CPU
		{46E1445B-27C8-46F6-81CC-6F7E13D3763D}.Debug|Any CPU.Build.0 = Debug|Any CPU
		{46E1445B-27C8-46F6-81CC-6F7E13D3763D}.Release|Any CPU.ActiveCfg = Release|Any CPU
		{46E1445B-27C8-46F6-81CC-6F7E13D3763D}.Release|Any CPU.Build.0 = Release|Any CPU
		{71896297-1779-48A5-9187-7ABCD47E89D0}.Debug|Any CPU.ActiveCfg = Debug|Any CPU
		{71896297-1779-48A5-9187-7ABCD47E89D0}.Debug|Any CPU.Build.0 = Debug|Any CPU
		{71896297-1779-48A5-9187-7ABCD47E89D0}.Release|Any CPU.ActiveCfg = Release|Any CPU
		{71896297-1779-48A5-9187-7ABCD47E89D0}.Release|Any CPU.Build.0 = Release|Any CPU
		{4E220037-CF19-4C4E-B6A4-C1A36419EDD2}.Debug|Any CPU.ActiveCfg = Debug|Any CPU
		{4E220037-CF19-4C4E-B6A4-C1A36419EDD2}.Debug|Any CPU.Build.0 = Debug|Any CPU
		{4E220037-CF19-4C4E-B6A4-C1A36419EDD2}.Release|Any CPU.ActiveCfg = Release|Any CPU
		{4E220037-CF19-4C4E-B6A4-C1A36419EDD2}.Release|Any CPU.Build.0 = Release|Any CPU
		{B12A64D6-7E5A-45DD-B9E1-829BE29835EA}.Debug|Any CPU.ActiveCfg = Debug|Any CPU
		{B12A64D6-7E5A-45DD-B9E1-829BE29835EA}.Debug|Any CPU.Build.0 = Debug|Any CPU
		{B12A64D6-7E5A-45DD-B9E1-829BE29835EA}.Release|Any CPU.ActiveCfg = Release|Any CPU
		{B12A64D6-7E5A-45DD-B9E1-829BE29835EA}.Release|Any CPU.Build.0 = Release|Any CPU
		{39DDE302-78A4-45F9-8F77-AB179FDB914C}.Debug|Any CPU.ActiveCfg = Debug|Any CPU
		{39DDE302-78A4-45F9-8F77-AB179FDB914C}.Debug|Any CPU.Build.0 = Debug|Any CPU
		{39DDE302-78A4-45F9-8F77-AB179FDB914C}.Release|Any CPU.ActiveCfg = Release|Any CPU
		{39DDE302-78A4-45F9-8F77-AB179FDB914C}.Release|Any CPU.Build.0 = Release|Any CPU
		{0AB66D73-B470-4C45-BB35-1957789BE3A8}.Debug|Any CPU.ActiveCfg = Debug|Any CPU
		{0AB66D73-B470-4C45-BB35-1957789BE3A8}.Debug|Any CPU.Build.0 = Debug|Any CPU
		{0AB66D73-B470-4C45-BB35-1957789BE3A8}.Release|Any CPU.ActiveCfg = Release|Any CPU
		{0AB66D73-B470-4C45-BB35-1957789BE3A8}.Release|Any CPU.Build.0 = Release|Any CPU
		{954E4CD6-380B-4AA6-B9B9-C2C28B55ACC2}.Debug|Any CPU.ActiveCfg = Debug|Any CPU
		{954E4CD6-380B-4AA6-B9B9-C2C28B55ACC2}.Debug|Any CPU.Build.0 = Debug|Any CPU
		{954E4CD6-380B-4AA6-B9B9-C2C28B55ACC2}.Release|Any CPU.ActiveCfg = Release|Any CPU
		{954E4CD6-380B-4AA6-B9B9-C2C28B55ACC2}.Release|Any CPU.Build.0 = Release|Any CPU
		{DC930AC8-5957-4292-8E9D-9743C68656FF}.Debug|Any CPU.ActiveCfg = Debug|Any CPU
		{DC930AC8-5957-4292-8E9D-9743C68656FF}.Debug|Any CPU.Build.0 = Debug|Any CPU
		{DC930AC8-5957-4292-8E9D-9743C68656FF}.Release|Any CPU.ActiveCfg = Release|Any CPU
		{DC930AC8-5957-4292-8E9D-9743C68656FF}.Release|Any CPU.Build.0 = Release|Any CPU
		{B4701321-0191-489A-9E5D-8837A220148E}.Debug|Any CPU.ActiveCfg = Debug|Any CPU
		{B4701321-0191-489A-9E5D-8837A220148E}.Debug|Any CPU.Build.0 = Debug|Any CPU
		{B4701321-0191-489A-9E5D-8837A220148E}.Release|Any CPU.ActiveCfg = Release|Any CPU
		{B4701321-0191-489A-9E5D-8837A220148E}.Release|Any CPU.Build.0 = Release|Any CPU
		{F6824736-1BEA-4200-8FB4-AC6071FF2866}.Debug|Any CPU.ActiveCfg = Debug|Any CPU
		{F6824736-1BEA-4200-8FB4-AC6071FF2866}.Debug|Any CPU.Build.0 = Debug|Any CPU
		{F6824736-1BEA-4200-8FB4-AC6071FF2866}.Release|Any CPU.ActiveCfg = Release|Any CPU
		{F6824736-1BEA-4200-8FB4-AC6071FF2866}.Release|Any CPU.Build.0 = Release|Any CPU
		{87AFE642-7CFB-4361-A73B-7A9850B70F7F}.Debug|Any CPU.ActiveCfg = Debug|Any CPU
		{87AFE642-7CFB-4361-A73B-7A9850B70F7F}.Debug|Any CPU.Build.0 = Debug|Any CPU
		{87AFE642-7CFB-4361-A73B-7A9850B70F7F}.Release|Any CPU.ActiveCfg = Release|Any CPU
		{87AFE642-7CFB-4361-A73B-7A9850B70F7F}.Release|Any CPU.Build.0 = Release|Any CPU
		{BD841A8B-2405-4540-BE9D-BAA6FF50771D}.Debug|Any CPU.ActiveCfg = Debug|Any CPU
		{BD841A8B-2405-4540-BE9D-BAA6FF50771D}.Debug|Any CPU.Build.0 = Debug|Any CPU
		{BD841A8B-2405-4540-BE9D-BAA6FF50771D}.Release|Any CPU.ActiveCfg = Release|Any CPU
		{BD841A8B-2405-4540-BE9D-BAA6FF50771D}.Release|Any CPU.Build.0 = Release|Any CPU
		{F3EC98FA-FC69-42D6-9236-27A127F95E99}.Debug|Any CPU.ActiveCfg = Debug|Any CPU
		{F3EC98FA-FC69-42D6-9236-27A127F95E99}.Debug|Any CPU.Build.0 = Debug|Any CPU
		{F3EC98FA-FC69-42D6-9236-27A127F95E99}.Release|Any CPU.ActiveCfg = Release|Any CPU
		{F3EC98FA-FC69-42D6-9236-27A127F95E99}.Release|Any CPU.Build.0 = Release|Any CPU
		{DFE9AD3A-C600-4FC8-B5C9-AE154C185D4E}.Debug|Any CPU.ActiveCfg = Debug|Any CPU
		{DFE9AD3A-C600-4FC8-B5C9-AE154C185D4E}.Debug|Any CPU.Build.0 = Debug|Any CPU
		{DFE9AD3A-C600-4FC8-B5C9-AE154C185D4E}.Release|Any CPU.ActiveCfg = Release|Any CPU
		{DFE9AD3A-C600-4FC8-B5C9-AE154C185D4E}.Release|Any CPU.Build.0 = Release|Any CPU
		{40D5017E-0913-4D06-82BB-16C1EA084378}.Debug|Any CPU.ActiveCfg = Debug|Any CPU
		{40D5017E-0913-4D06-82BB-16C1EA084378}.Debug|Any CPU.Build.0 = Debug|Any CPU
		{40D5017E-0913-4D06-82BB-16C1EA084378}.Release|Any CPU.ActiveCfg = Release|Any CPU
		{40D5017E-0913-4D06-82BB-16C1EA084378}.Release|Any CPU.Build.0 = Release|Any CPU
		{9A9B8ACD-D04C-4523-91C9-67CE08ADA6A8}.Debug|Any CPU.ActiveCfg = Debug|Any CPU
		{9A9B8ACD-D04C-4523-91C9-67CE08ADA6A8}.Debug|Any CPU.Build.0 = Debug|Any CPU
		{9A9B8ACD-D04C-4523-91C9-67CE08ADA6A8}.Release|Any CPU.ActiveCfg = Release|Any CPU
		{9A9B8ACD-D04C-4523-91C9-67CE08ADA6A8}.Release|Any CPU.Build.0 = Release|Any CPU
	EndGlobalSection
	GlobalSection(SolutionProperties) = preSolution
		HideSolutionNode = FALSE
	EndGlobalSection
	GlobalSection(NestedProjects) = preSolution
		{DFE9AD3A-C600-4FC8-B5C9-AE154C185D4E} = {CF7E5DDE-8C3C-4774-B4CA-D104C429F411}
		{40D5017E-0913-4D06-82BB-16C1EA084378} = {CF7E5DDE-8C3C-4774-B4CA-D104C429F411}
		{E761AD05-0BF8-49E6-9921-E2835AEB547A} = {CF7E5DDE-8C3C-4774-B4CA-D104C429F411}
		{9A9B8ACD-D04C-4523-91C9-67CE08ADA6A8} = {E761AD05-0BF8-49E6-9921-E2835AEB547A}
	EndGlobalSection
	GlobalSection(ExtensibilityGlobals) = postSolution
		SolutionGuid = {2F4D21FB-C389-4C49-809A-82365218D414}
	EndGlobalSection
EndGlobal
